{
  "pins" : [
    {
      "identity" : "swift-backport-pattern",
      "kind" : "remoteSourceControl",
      "location" : "https://github.com/inekipelov/swift-backport-pattern.git",
      "state" : {
        "revision" : "d324c33a76de9abf236b5865643b42960b014ded",
        "version" : "0.1.2"
      }
    }
  ],
  "version" : 2
}
